
Microsoft Visual Studio Solution File, Format Version 12.00
# Visual Studio Version 16
VisualStudioVersion = 16.0.30523.141
MinimumVisualStudioVersion = 10.0.40219.1
Project("{FAE04EC0-301F-11D3-BF4B-00C04F79EFBC}") = "KursovoyMobProg", "KursovoyMobProg\KursovoyMobProg.csproj", "{C7F9B60A-0182-42A3-9812-134168C48181}"
EndProject
Project("{FAE04EC0-301F-11D3-BF4B-00C04F79EFBC}") = "StoreLibrary", "StoreLibrary\StoreLibrary.csproj", "{3F49F809-4D1D-4269-9965-27C125C4D273}"
EndProject
Global
	GlobalSection(SolutionConfigurationPlatforms) = preSolution
		Debug|Any CPU = Debug|Any CPU
		Release|Any CPU = Release|Any CPU
	EndGlobalSection
	GlobalSection(ProjectConfigurationPlatforms) = postSolution
		{C7F9B60A-0182-42A3-9812-134168C48181}.Debug|Any CPU.ActiveCfg = Debug|Any CPU
		{C7F9B60A-0182-42A3-9812-134168C48181}.Debug|Any CPU.Build.0 = Debug|Any CPU
		{C7F9B60A-0182-42A3-9812-134168C48181}.Release|Any CPU.ActiveCfg = Release|Any CPU
		{C7F9B60A-0182-42A3-9812-134168C48181}.Release|Any CPU.Build.0 = Release|Any CPU
		{3F49F809-4D1D-4269-9965-27C125C4D273}.Debug|Any CPU.ActiveCfg = Debug|Any CPU
		{3F49F809-4D1D-4269-9965-27C125C4D273}.Debug|Any CPU.Build.0 = Debug|Any CPU
		{3F49F809-4D1D-4269-9965-27C125C4D273}.Release|Any CPU.ActiveCfg = Release|Any CPU
		{3F49F809-4D1D-4269-9965-27C125C4D273}.Release|Any CPU.Build.0 = Release|Any CPU
	EndGlobalSection
	GlobalSection(SolutionProperties) = preSolution
		HideSolutionNode = FALSE
	EndGlobalSection
	GlobalSection(ExtensibilityGlobals) = postSolution
		SolutionGuid = {7945D16B-F52F-4069-A95C-1D0394B22637}
	EndGlobalSection
EndGlobal
